
Microsoft Visual Studio Solution File, Format Version 12.00
# Visual Studio Version 17
VisualStudioVersion = 17.12.35707.178 d17.12
MinimumVisualStudioVersion = 10.0.40219.1
Project("{FAE04EC0-301F-11D3-BF4B-00C04F79EFBC}") = "Betting-Boys-V2.Server", "Betting-Boys-V2.Server\Betting-Boys-V2.Server.csproj", "{1015748C-7D6B-4988-A582-111236A0B886}"
EndProject
Project("{54A90642-561A-4BB1-A94E-469ADEE60C69}") = "betting-boys-v2.client", "betting-boys-v2.client\betting-boys-v2.client.esproj", "{AC3A5968-1539-417A-8D0D-648DA06DE320}"
EndProject
Global
	GlobalSection(SolutionConfigurationPlatforms) = preSolution
		Debug|Any CPU = Debug|Any CPU
		Release|Any CPU = Release|Any CPU
	EndGlobalSection
	GlobalSection(ProjectConfigurationPlatforms) = postSolution
		{1015748C-7D6B-4988-A582-111236A0B886}.Debug|Any CPU.ActiveCfg = Debug|Any CPU
		{1015748C-7D6B-4988-A582-111236A0B886}.Debug|Any CPU.Build.0 = Debug|Any CPU
		{1015748C-7D6B-4988-A582-111236A0B886}.Release|Any CPU.ActiveCfg = Release|Any CPU
		{1015748C-7D6B-4988-A582-111236A0B886}.Release|Any CPU.Build.0 = Release|Any CPU
		{AC3A5968-1539-417A-8D0D-648DA06DE320}.Debug|Any CPU.ActiveCfg = Debug|Any CPU
		{AC3A5968-1539-417A-8D0D-648DA06DE320}.Debug|Any CPU.Build.0 = Debug|Any CPU
		{AC3A5968-1539-417A-8D0D-648DA06DE320}.Debug|Any CPU.Deploy.0 = Debug|Any CPU
		{AC3A5968-1539-417A-8D0D-648DA06DE320}.Release|Any CPU.ActiveCfg = Release|Any CPU
		{AC3A5968-1539-417A-8D0D-648DA06DE320}.Release|Any CPU.Build.0 = Release|Any CPU
		{AC3A5968-1539-417A-8D0D-648DA06DE320}.Release|Any CPU.Deploy.0 = Release|Any CPU
	EndGlobalSection
	GlobalSection(SolutionProperties) = preSolution
		HideSolutionNode = FALSE
	EndGlobalSection
EndGlobal
